{
    "name": "codeflask-element",
    "version": "0.0.0",
    "lockfileVersion": 1,
    "requires": true,
    "dependencies": {
        "@types/estree": {
            "version": "0.0.38",
            "resolved": "https://registry.npmjs.org/@types/estree/-/estree-0.0.38.tgz",
            "integrity": "sha512-F/v7t1LwS4vnXuPooJQGBRKRGIoxWUTmA4VHfqjOccFsNDThD5bfUNpITive6s352O7o384wcpEaDV8rHCehDA==",
            "dev": true
        },
        "@types/node": {
            "version": "10.0.6",
            "resolved": "https://registry.npmjs.org/@types/node/-/node-10.0.6.tgz",
            "integrity": "sha512-2whhQUfDHRBiZ3L54Ulyl1X+fZWbWabxPYRDAsibgOAtE6adwusD15Xv0Bw/D7cPah35Z/wKTdW3iAKsevw1uw==",
            "dev": true
        },
        "builtin-modules": {
            "version": "2.0.0",
            "resolved": "https://registry.npmjs.org/builtin-modules/-/builtin-modules-2.0.0.tgz",
            "integrity": "sha512-3U5kUA5VPsRUA3nofm/BXX7GVHKfxz0hOBAPxXrIvHzlDRkQVqEn6yi8QJegxl4LzOHLdvb7XF5dVawa/VVYBg==",
            "dev": true
        },
        "clipboard": {
            "version": "2.0.1",
            "resolved": "https://registry.npmjs.org/clipboard/-/clipboard-2.0.1.tgz",
            "integrity": "sha512-7yhQBmtN+uYZmfRjjVjKa0dZdWuabzpSKGtyQZN+9C8xlC788SSJjOHWh7tzurfwTqTD5UDYAhIv5fRJg3sHjQ==",
            "optional": true,
            "requires": {
                "good-listener": "^1.2.2",
                "select": "^1.1.2",
                "tiny-emitter": "^2.0.0"
            }
        },
        "codeflask": {
            "version": "1.0.5",
            "resolved": "https://registry.npmjs.org/codeflask/-/codeflask-1.0.5.tgz",
            "integrity": "sha512-N11KHQJAWhNUBrJIXy55kwExpnkrujy7EE7XLjKF/+CDgaNpcaG6sg5izLsqmpRhfZ39/l9iE932LDuhpyklHQ==",
            "requires": {
                "prismjs": "^1.14.0"
            }
        },
        "delegate": {
            "version": "3.2.0",
            "resolved": "https://registry.npmjs.org/delegate/-/delegate-3.2.0.tgz",
            "integrity": "sha512-IofjkYBZaZivn0V8nnsMJGBr4jVLxHDheKSW88PyxS5QC4Vo9ZbZVvhzlSxY87fVq3STR6r+4cGepyHkcWOQSw==",
            "optional": true
        },
        "good-listener": {
            "version": "1.2.2",
            "resolved": "https://registry.npmjs.org/good-listener/-/good-listener-1.2.2.tgz",
            "integrity": "sha1-1TswzfkxPf+33JoNR3CWqm0UXFA=",
            "optional": true,
            "requires": {
                "delegate": "^3.1.2"
            }
        },
        "is-module": {
            "version": "1.0.0",
            "resolved": "https://registry.npmjs.org/is-module/-/is-module-1.0.0.tgz",
            "integrity": "sha1-Mlj7afeMFNW4FdZkM2tM/7ZEFZE=",
            "dev": true
        },
        "path-parse": {
            "version": "1.0.5",
            "resolved": "https://registry.npmjs.org/path-parse/-/path-parse-1.0.5.tgz",
            "integrity": "sha1-PBrfhx6pzWyUMbbqK9dKD/BVxME=",
            "dev": true
        },
        "prismjs": {
            "version": "1.14.0",
            "resolved": "https://registry.npmjs.org/prismjs/-/prismjs-1.14.0.tgz",
            "integrity": "sha512-sa2s4m60bXs+kU3jcuUwx3ZCrUH7o0kuqnOOINbODqlRrDB7KY8SRx+xR/D7nHLlgfDdG7zXbRO8wJ+su5Ls0A==",
            "requires": {
                "clipboard": "^2.0.0"
            }
        },
        "resolve": {
            "version": "1.7.1",
            "resolved": "https://registry.npmjs.org/resolve/-/resolve-1.7.1.tgz",
            "integrity": "sha512-c7rwLofp8g1U+h1KNyHL/jicrKg1Ek4q+Lr33AL65uZTinUZHe30D5HlyN5V9NW0JX1D5dXQ4jqW5l7Sy/kGfw==",
            "dev": true,
            "requires": {
                "path-parse": "^1.0.5"
            }
        },
        "rollup": {
            "version": "0.58.2",
            "resolved": "https://registry.npmjs.org/rollup/-/rollup-0.58.2.tgz",
            "integrity": "sha512-RZVvCWm9BHOYloaE6LLiE/ibpjv1CmI8F8k0B0Cp+q1eezo3cswszJH1DN0djgzSlo0hjuuCmyeI+1XOYLl4wg==",
            "dev": true,
            "requires": {
                "@types/estree": "0.0.38",
                "@types/node": "*"
            }
        },
        "rollup-plugin-node-resolve": {
            "version": "3.3.0",
            "resolved": "https://registry.npmjs.org/rollup-plugin-node-resolve/-/rollup-plugin-node-resolve-3.3.0.tgz",
            "integrity": "sha512-9zHGr3oUJq6G+X0oRMYlzid9fXicBdiydhwGChdyeNRGPcN/majtegApRKHLR5drboUvEWU+QeUmGTyEZQs3WA==",
            "dev": true,
            "requires": {
                "builtin-modules": "^2.0.0",
                "is-module": "^1.0.0",
                "resolve": "^1.1.6"
            }
        },
        "select": {
            "version": "1.1.2",
            "resolved": "https://registry.npmjs.org/select/-/select-1.1.2.tgz",
            "integrity": "sha1-DnNQrN7ICxEIUoeG7B1EGNEbOW0=",
            "optional": true
        },
        "tiny-emitter": {
            "version": "2.0.2",
            "resolved": "https://registry.npmjs.org/tiny-emitter/-/tiny-emitter-2.0.2.tgz",
            "integrity": "sha512-2NM0auVBGft5tee/OxP4PI3d8WItkDM+fPnaRAVo6xTDI2knbz9eC5ArWGqtGlYqiH3RU5yMpdyTTO7MguC4ow==",
            "optional": true
        }
    }
}
